
Microsoft Visual Studio Solution File, Format Version 12.00
# Visual Studio Version 17
VisualStudioVersion = 17.9.34728.123
MinimumVisualStudioVersion = 10.0.40219.1
Project("{FAE04EC0-301F-11D3-BF4B-00C04F79EFBC}") = "MonitoringApi", "MonitoringApi\MonitoringApi.csproj", "{FE17BEB9-C0A8-40E0-BB99-91395B6DB3F9}"
EndProject
Global
	GlobalSection(SolutionConfigurationPlatforms) = preSolution
		Debug|Any CPU = Debug|Any CPU
		Release|Any CPU = Release|Any CPU
	EndGlobalSection
	GlobalSection(ProjectConfigurationPlatforms) = postSolution
		{FE17BEB9-C0A8-40E0-BB99-91395B6DB3F9}.Debug|Any CPU.ActiveCfg = Debug|Any CPU
		{FE17BEB9-C0A8-40E0-BB99-91395B6DB3F9}.Debug|Any CPU.Build.0 = Debug|Any CPU
		{FE17BEB9-C0A8-40E0-BB99-91395B6DB3F9}.Release|Any CPU.ActiveCfg = Release|Any CPU
		{FE17BEB9-C0A8-40E0-BB99-91395B6DB3F9}.Release|Any CPU.Build.0 = Release|Any CPU
	EndGlobalSection
	GlobalSection(SolutionProperties) = preSolution
		HideSolutionNode = FALSE
	EndGlobalSection
	GlobalSection(ExtensibilityGlobals) = postSolution
		SolutionGuid = {98CB631D-7865-4050-8BB3-00385DA8C005}
	EndGlobalSection
EndGlobal
